
Microsoft Visual Studio Solution File, Format Version 12.00
# Visual Studio Version 17
VisualStudioVersion = 17.3.32922.545
MinimumVisualStudioVersion = 10.0.40219.1
Project("{8BC9CEB8-8B4A-11D0-8D11-00A0C91BC942}") = "PhysicsExample9", "PhysicsExample9\PhysicsExample9.vcxproj", "{113836E4-F6F3-4964-9C7A-0507446C81F5}"
EndProject
Global
	GlobalSection(SolutionConfigurationPlatforms) = preSolution
		Debug|x64 = Debug|x64
		Debug|x86 = Debug|x86
		Release|x64 = Release|x64
		Release|x86 = Release|x86
	EndGlobalSection
	GlobalSection(ProjectConfigurationPlatforms) = postSolution
		{113836E4-F6F3-4964-9C7A-0507446C81F5}.Debug|x64.ActiveCfg = Debug|x64
		{113836E4-F6F3-4964-9C7A-0507446C81F5}.Debug|x64.Build.0 = Debug|x64
		{113836E4-F6F3-4964-9C7A-0507446C81F5}.Debug|x86.ActiveCfg = Debug|Win32
		{113836E4-F6F3-4964-9C7A-0507446C81F5}.Debug|x86.Build.0 = Debug|Win32
		{113836E4-F6F3-4964-9C7A-0507446C81F5}.Release|x64.ActiveCfg = Release|x64
		{113836E4-F6F3-4964-9C7A-0507446C81F5}.Release|x64.Build.0 = Release|x64
		{113836E4-F6F3-4964-9C7A-0507446C81F5}.Release|x86.ActiveCfg = Release|Win32
		{113836E4-F6F3-4964-9C7A-0507446C81F5}.Release|x86.Build.0 = Release|Win32
	EndGlobalSection
	GlobalSection(SolutionProperties) = preSolution
		HideSolutionNode = FALSE
	EndGlobalSection
	GlobalSection(ExtensibilityGlobals) = postSolution
		SolutionGuid = {0D5F68C7-682C-4355-AF7B-61A7971B0EAF}
	EndGlobalSection
EndGlobal
